
Microsoft Visual Studio Solution File, Format Version 12.00
Project("{FAE04EC0-301F-11D3-BF4B-00C04F79EFBC}") = "Algorithms-Week-2-notes", "Algorithms-Week-2-notes\Algorithms-Week-2-notes.csproj", "{B7379615-C7F6-431C-93D6-FC584031881C}"
EndProject
Project("{FAE04EC0-301F-11D3-BF4B-00C04F79EFBC}") = "Week-2-Match-HW", "Week-2-Match-HW\Week-2-Match-HW.csproj", "{B64BE65F-F5E5-4324-8431-1F31933D5A16}"
EndProject
Project("{FAE04EC0-301F-11D3-BF4B-00C04F79EFBC}") = "Week-One-HW", "Week-One-HW\Week-One-HW.csproj", "{4791316D-99B6-41A1-8F64-C59BEE154D24}"
EndProject
Project("{FAE04EC0-301F-11D3-BF4B-00C04F79EFBC}") = "Week-2-Pseudocode-HW", "Week-2-Pseudocode-HW\Week-2-Pseudocode-HW.csproj", "{FA7AF39E-4C0C-4CF6-A3B1-04D8B3EDDC60}"
EndProject
Global
	GlobalSection(SolutionConfigurationPlatforms) = preSolution
		Debug|Any CPU = Debug|Any CPU
		Release|Any CPU = Release|Any CPU
	EndGlobalSection
	GlobalSection(ProjectConfigurationPlatforms) = postSolution
		{B7379615-C7F6-431C-93D6-FC584031881C}.Debug|Any CPU.ActiveCfg = Debug|Any CPU
		{B7379615-C7F6-431C-93D6-FC584031881C}.Debug|Any CPU.Build.0 = Debug|Any CPU
		{B7379615-C7F6-431C-93D6-FC584031881C}.Release|Any CPU.ActiveCfg = Release|Any CPU
		{B7379615-C7F6-431C-93D6-FC584031881C}.Release|Any CPU.Build.0 = Release|Any CPU
		{B64BE65F-F5E5-4324-8431-1F31933D5A16}.Debug|Any CPU.ActiveCfg = Debug|Any CPU
		{B64BE65F-F5E5-4324-8431-1F31933D5A16}.Debug|Any CPU.Build.0 = Debug|Any CPU
		{B64BE65F-F5E5-4324-8431-1F31933D5A16}.Release|Any CPU.ActiveCfg = Release|Any CPU
		{B64BE65F-F5E5-4324-8431-1F31933D5A16}.Release|Any CPU.Build.0 = Release|Any CPU
		{4791316D-99B6-41A1-8F64-C59BEE154D24}.Debug|Any CPU.ActiveCfg = Debug|Any CPU
		{4791316D-99B6-41A1-8F64-C59BEE154D24}.Debug|Any CPU.Build.0 = Debug|Any CPU
		{4791316D-99B6-41A1-8F64-C59BEE154D24}.Release|Any CPU.ActiveCfg = Release|Any CPU
		{4791316D-99B6-41A1-8F64-C59BEE154D24}.Release|Any CPU.Build.0 = Release|Any CPU
		{FA7AF39E-4C0C-4CF6-A3B1-04D8B3EDDC60}.Debug|Any CPU.ActiveCfg = Debug|Any CPU
		{FA7AF39E-4C0C-4CF6-A3B1-04D8B3EDDC60}.Debug|Any CPU.Build.0 = Debug|Any CPU
		{FA7AF39E-4C0C-4CF6-A3B1-04D8B3EDDC60}.Release|Any CPU.ActiveCfg = Release|Any CPU
		{FA7AF39E-4C0C-4CF6-A3B1-04D8B3EDDC60}.Release|Any CPU.Build.0 = Release|Any CPU
	EndGlobalSection
EndGlobal
